
Microsoft Visual Studio Solution File, Format Version 12.00
# Visual Studio Version 17
VisualStudioVersion = 17.2.32602.215
MinimumVisualStudioVersion = 10.0.40219.1
Project("{FAE04EC0-301F-11D3-BF4B-00C04F79EFBC}") = "BasicProgramming", "BasicProgramming.csproj", "{2A7CF0D5-BE2D-4E60-830A-6828E3817E8B}"
EndProject
Global
	GlobalSection(SolutionConfigurationPlatforms) = preSolution
		Debug|Any CPU = Debug|Any CPU
		Release|Any CPU = Release|Any CPU
	EndGlobalSection
	GlobalSection(ProjectConfigurationPlatforms) = postSolution
		{2A7CF0D5-BE2D-4E60-830A-6828E3817E8B}.Debug|Any CPU.ActiveCfg = Debug|Any CPU
		{2A7CF0D5-BE2D-4E60-830A-6828E3817E8B}.Debug|Any CPU.Build.0 = Debug|Any CPU
		{2A7CF0D5-BE2D-4E60-830A-6828E3817E8B}.Release|Any CPU.ActiveCfg = Release|Any CPU
		{2A7CF0D5-BE2D-4E60-830A-6828E3817E8B}.Release|Any CPU.Build.0 = Release|Any CPU
	EndGlobalSection
	GlobalSection(SolutionProperties) = preSolution
		HideSolutionNode = FALSE
	EndGlobalSection
	GlobalSection(ExtensibilityGlobals) = postSolution
		SolutionGuid = {EBB86DCC-DFAA-4CD7-9E81-FAB4D458CC2E}
	EndGlobalSection
EndGlobal
